
Microsoft Visual Studio Solution File, Format Version 12.00
# Visual Studio Version 17
VisualStudioVersion = 17.7.34018.315
MinimumVisualStudioVersion = 10.0.40219.1
Project("{FAE04EC0-301F-11D3-BF4B-00C04F79EFBC}") = "Tarea3_0209", "Tarea3_0209\Tarea3_0209.csproj", "{AB5935E9-EB69-4773-8D8C-4B75D615786C}"
EndProject
Global
	GlobalSection(SolutionConfigurationPlatforms) = preSolution
		Debug|Any CPU = Debug|Any CPU
		Release|Any CPU = Release|Any CPU
	EndGlobalSection
	GlobalSection(ProjectConfigurationPlatforms) = postSolution
		{AB5935E9-EB69-4773-8D8C-4B75D615786C}.Debug|Any CPU.ActiveCfg = Debug|Any CPU
		{AB5935E9-EB69-4773-8D8C-4B75D615786C}.Debug|Any CPU.Build.0 = Debug|Any CPU
		{AB5935E9-EB69-4773-8D8C-4B75D615786C}.Release|Any CPU.ActiveCfg = Release|Any CPU
		{AB5935E9-EB69-4773-8D8C-4B75D615786C}.Release|Any CPU.Build.0 = Release|Any CPU
	EndGlobalSection
	GlobalSection(SolutionProperties) = preSolution
		HideSolutionNode = FALSE
	EndGlobalSection
	GlobalSection(ExtensibilityGlobals) = postSolution
		SolutionGuid = {ED796C5F-037F-438B-BAC6-8BA8EB1ABC5E}
	EndGlobalSection
EndGlobal
